{
  "requires": true,
  "lockfileVersion": 1,
  "dependencies": {
    "@googlemaps/markerclustererplus": {
      "version": "1.0.3",
      "resolved": "https://registry.npmjs.org/@googlemaps/markerclustererplus/-/markerclustererplus-1.0.3.tgz",
      "integrity": "sha512-k2TIVZptaigMtgOEb7SY1DlKHgdiHC9n4Dym5/uRWWouyZNup+DvUqEt//ZZPPeFhNp6JOmAOfgMvjpESfwerw=="
    }
  }
}
